
Microsoft Visual Studio Solution File, Format Version 12.00
# Visual Studio 15
Project("{FAE04EC0-301F-11D3-BF4B-00C04F79EFBC}") = "Assembly-CSharp", "Assembly-CSharp.csproj", "{EBF48467-7ABD-E13C-330D-8AF7694D6A45}"
EndProject
Global
	GlobalSection(SolutionConfigurationPlatforms) = preSolution
		Debug|Any CPU = Debug|Any CPU
		Release|Any CPU = Release|Any CPU
	EndGlobalSection
	GlobalSection(ProjectConfigurationPlatforms) = postSolution
		{EBF48467-7ABD-E13C-330D-8AF7694D6A45}.Debug|Any CPU.ActiveCfg = Debug|Any CPU
		{EBF48467-7ABD-E13C-330D-8AF7694D6A45}.Debug|Any CPU.Build.0 = Debug|Any CPU
		{EBF48467-7ABD-E13C-330D-8AF7694D6A45}.Release|Any CPU.ActiveCfg = Release|Any CPU
		{EBF48467-7ABD-E13C-330D-8AF7694D6A45}.Release|Any CPU.Build.0 = Release|Any CPU
	EndGlobalSection
	GlobalSection(SolutionProperties) = preSolution
		HideSolutionNode = FALSE
	EndGlobalSection
EndGlobal
